uuid: d8aab1c3-08a5-471c-811b-4f3008c63315
langcode: it
status: true
dependencies:
  config:
    - block_content.type.layout_pargraphs_block
id: block_content.layout_pargraphs_block
target_entity_type_id: block_content
target_bundle: layout_pargraphs_block
default_langcode: site_default
language_alterable: false
